
Microsoft Visual Studio Solution File, Format Version 12.00
# Visual Studio Version 16
VisualStudioVersion = 16.0.30804.86
MinimumVisualStudioVersion = 10.0.40219.1
Project("{FAE04EC0-301F-11D3-BF4B-00C04F79EFBC}") = "EigenvaluesProject", "EigenvaluesProject\EigenvaluesProject.csproj", "{E7C29D64-E4B1-4FAC-ADCE-B66BB6BC6B44}"
EndProject
Global
	GlobalSection(SolutionConfigurationPlatforms) = preSolution
		Debug|Any CPU = Debug|Any CPU
		Release|Any CPU = Release|Any CPU
	EndGlobalSection
	GlobalSection(ProjectConfigurationPlatforms) = postSolution
		{E7C29D64-E4B1-4FAC-ADCE-B66BB6BC6B44}.Debug|Any CPU.ActiveCfg = Debug|Any CPU
		{E7C29D64-E4B1-4FAC-ADCE-B66BB6BC6B44}.Debug|Any CPU.Build.0 = Debug|Any CPU
		{E7C29D64-E4B1-4FAC-ADCE-B66BB6BC6B44}.Release|Any CPU.ActiveCfg = Release|Any CPU
		{E7C29D64-E4B1-4FAC-ADCE-B66BB6BC6B44}.Release|Any CPU.Build.0 = Release|Any CPU
	EndGlobalSection
	GlobalSection(SolutionProperties) = preSolution
		HideSolutionNode = FALSE
	EndGlobalSection
	GlobalSection(ExtensibilityGlobals) = postSolution
		SolutionGuid = {8B4ABF23-BB6A-4A5A-BB5C-769A8FD85802}
	EndGlobalSection
EndGlobal
